// !$*UTF8*$!
{
	archiveVersion = 1;
	classes = {
	};
	objectVersion = 56;
	objects = {

/* Begin PBXBuildFile section */
		11C51AC3A76273607857976D /* Pods_firebaselogin_firebaseloginUITests.framework in Frameworks */ = {isa = PBXBuildFile; fileRef = 86D012AC96C8CB155F38B4B5 /* Pods_firebaselogin_firebaseloginUITests.framework */; };
		9141AC0E9B1089D01E7DEBDA /* Pods_firebaseloginTests.framework in Frameworks */ = {isa = PBXBuildFile; fileRef = 80E1449A9FCFE77BC554F812 /* Pods_firebaseloginTests.framework */; };
		F600CC53A9B0A871FFE8DCA7 /* Pods_firebaselogin.framework in Frameworks */ = {isa = PBXBuildFile; fileRef = B31DBCA4F068E0F4621DC5B2 /* Pods_firebaselogin.framework */; };
		FA32112E29F795C000120EF2 /* AppDelegate.swift in Sources */ = {isa = PBXBuildFile; fileRef = FA32112D29F795C000120EF2 /* AppDelegate.swift */; };
		FA32113029F795C000120EF2 /* SceneDelegate.swift in Sources */ = {isa = PBXBuildFile; fileRef = FA32112F29F795C000120EF2 /* SceneDelegate.swift */; };
		FA32113229F795C000120EF2 /* ViewController.swift in Sources */ = {isa = PBXBuildFile; fileRef = FA32113129F795C000120EF2 /* ViewController.swift */; };
		FA32113529F795C000120EF2 /* Main.storyboard in Resources */ = {isa = PBXBuildFile; fileRef = FA32113329F795C000120EF2 /* Main.storyboard */; };
		FA32113729F795C200120EF2 /* Assets.xcassets in Resources */ = {isa = PBXBuildFile; fileRef = FA32113629F795C200120EF2 /* Assets.xcassets */; };
		FA32113A29F795C200120EF2 /* LaunchScreen.storyboard in Resources */ = {isa = PBXBuildFile; fileRef = FA32113829F795C200120EF2 /* LaunchScreen.storyboard */; };
		FA32114529F795C200120EF2 /* firebaseloginTests.swift in Sources */ = {isa = PBXBuildFile; fileRef = FA32114429F795C200120EF2 /* firebaseloginTests.swift */; };
		FA32114F29F795C300120EF2 /* firebaseloginUITests.swift in Sources */ = {isa = PBXBuildFile; fileRef = FA32114E29F795C300120EF2 /* firebaseloginUITests.swift */; };
		FA32115129F795C300120EF2 /* firebaseloginUITestsLaunchTests.swift in Sources */ = {isa = PBXBuildFile; fileRef = FA32115029F795C300120EF2 /* firebaseloginUITestsLaunchTests.swift */; };
		FA32115E29F7963100120EF2 /* GoogleService-Info.plist in Resources */ = {isa = PBXBuildFile; fileRef = FA32115D29F7963100120EF2 /* GoogleService-Info.plist */; };
/* End PBXBuildFile section */

/* Begin PBXContainerItemProxy section */
		FA32114129F795C200120EF2 /* PBXContainerItemProxy */ = {
			isa = PBXContainerItemProxy;
			containerPortal = FA32112229F795C000120EF2 /* Project object */;
			proxyType = 1;
			remoteGlobalIDString = FA32112929F795C000120EF2;
			remoteInfo = firebaselogin;
		};
		FA32114B29F795C200120EF2 /* PBXContainerItemProxy */ = {
			isa = PBXContainerItemProxy;
			containerPortal = FA32112229F795C000120EF2 /* Project object */;
			proxyType = 1;
			remoteGlobalIDString = FA32112929F795C000120EF2;
			remoteInfo = firebaselogin;
		};
/* End PBXContainerItemProxy section */

/* Begin PBXFileReference section */
		226D6E84D72AC1C22487959A /* Pods-firebaselogin.release.xcconfig */ = {isa = PBXFileReference; includeInIndex = 1; lastKnownFileType = text.xcconfig; name = "Pods-firebaselogin.release.xcconfig"; path = "Target Support Files/Pods-firebaselogin/Pods-firebaselogin.release.xcconfig"; sourceTree = "<group>"; };
		33CEA27D4DD64C0911768DF1 /* Pods-firebaselogin-firebaseloginUITests.release.xcconfig */ = {isa = PBXFileReference; includeInIndex = 1; lastKnownFileType = text.xcconfig; name = "Pods-firebaselogin-firebaseloginUITests.release.xcconfig"; path = "Target Support Files/Pods-firebaselogin-firebaseloginUITests/Pods-firebaselogin-firebaseloginUITests.release.xcconfig"; sourceTree = "<group>"; };
		3F1C0F1B44E1361641E9BA97 /* Pods-firebaselogin.debug.xcconfig */ = {isa = PBXFileReference; includeInIndex = 1; lastKnownFileType = text.xcconfig; name = "Pods-firebaselogin.debug.xcconfig"; path = "Target Support Files/Pods-firebaselogin/Pods-firebaselogin.debug.xcconfig"; sourceTree = "<group>"; };
		6E016D08D28198C53897894C /* Pods-firebaseloginTests.release.xcconfig */ = {isa = PBXFileReference; includeInIndex = 1; lastKnownFileType = text.xcconfig; name = "Pods-firebaseloginTests.release.xcconfig"; path = "Target Support Files/Pods-firebaseloginTests/Pods-firebaseloginTests.release.xcconfig"; sourceTree = "<group>"; };
		80E1449A9FCFE77BC554F812 /* Pods_firebaseloginTests.framework */ = {isa = PBXFileReference; explicitFileType = wrapper.framework; includeInIndex = 0; path = Pods_firebaseloginTests.framework; sourceTree = BUILT_PRODUCTS_DIR; };
		86D012AC96C8CB155F38B4B5 /* Pods_firebaselogin_firebaseloginUITests.framework */ = {isa = PBXFileReference; explicitFileType = wrapper.framework; includeInIndex = 0; path = Pods_firebaselogin_firebaseloginUITests.framework; sourceTree = BUILT_PRODUCTS_DIR; };
		9E745257D92374FBB6312A0C /* Pods-firebaselogin-firebaseloginUITests.debug.xcconfig */ = {isa = PBXFileReference; includeInIndex = 1; lastKnownFileType = text.xcconfig; name = "Pods-firebaselogin-firebaseloginUITests.debug.xcconfig"; path = "Target Support Files/Pods-firebaselogin-firebaseloginUITests/Pods-firebaselogin-firebaseloginUITests.debug.xcconfig"; sourceTree = "<group>"; };
		B31DBCA4F068E0F4621DC5B2 /* Pods_firebaselogin.framework */ = {isa = PBXFileReference; explicitFileType = wrapper.framework; includeInIndex = 0; path = Pods_firebaselogin.framework; sourceTree = BUILT_PRODUCTS_DIR; };
		B861AE30D2537FD177AF1B6B /* Pods-firebaseloginTests.debug.xcconfig */ = {isa = PBXFileReference; includeInIndex = 1; lastKnownFileType = text.xcconfig; name = "Pods-firebaseloginTests.debug.xcconfig"; path = "Target Support Files/Pods-firebaseloginTests/Pods-firebaseloginTests.debug.xcconfig"; sourceTree = "<group>"; };
		FA32112A29F795C000120EF2 /* firebaselogin.app */ = {isa = PBXFileReference; explicitFileType = wrapper.application; includeInIndex = 0; path = firebaselogin.app; sourceTree = BUILT_PRODUCTS_DIR; };
		FA32112D29F795C000120EF2 /* AppDelegate.swift */ = {isa = PBXFileReference; lastKnownFileType = sourcecode.swift; path = AppDelegate.swift; sourceTree = "<group>"; };
		FA32112F29F795C000120EF2 /* SceneDelegate.swift */ = {isa = PBXFileReference; lastKnownFileType = sourcecode.swift; path = SceneDelegate.swift; sourceTree = "<group>"; };
		FA32113129F795C000120EF2 /* ViewController.swift */ = {isa = PBXFileReference; lastKnownFileType = sourcecode.swift; path = ViewController.swift; sourceTree = "<group>"; };
		FA32113429F795C000120EF2 /* Base */ = {isa = PBXFileReference; lastKnownFileType = file.storyboard; name = Base; path = Base.lproj/Main.storyboard; sourceTree = "<group>"; };
		FA32113629F795C200120EF2 /* Assets.xcassets */ = {isa = PBXFileReference; lastKnownFileType = folder.assetcatalog; path = Assets.xcassets; sourceTree = "<group>"; };
		FA32113929F795C200120EF2 /* Base */ = {isa = PBXFileReference; lastKnownFileType = file.storyboard; name = Base; path = Base.lproj/LaunchScreen.storyboard; sourceTree = "<group>"; };
		FA32113B29F795C200120EF2 /* Info.plist */ = {isa = PBXFileReference; lastKnownFileType = text.plist.xml; path = Info.plist; sourceTree = "<group>"; };
		FA32114029F795C200120EF2 /* firebaseloginTests.xctest */ = {isa = PBXFileReference; explicitFileType = wrapper.cfbundle; includeInIndex = 0; path = firebaseloginTests.xctest; sourceTree = BUILT_PRODUCTS_DIR; };
		FA32114429F795C200120EF2 /* firebaseloginTests.swift */ = {isa = PBXFileReference; lastKnownFileType = sourcecode.swift; path = firebaseloginTests.swift; sourceTree = "<group>"; };
		FA32114A29F795C200120EF2 /* firebaseloginUITests.xctest */ = {isa = PBXFileReference; explicitFileType = wrapper.cfbundle; includeInIndex = 0; path = firebaseloginUITests.xctest; sourceTree = BUILT_PRODUCTS_DIR; };
		FA32114E29F795C300120EF2 /* firebaseloginUITests.swift */ = {isa = PBXFileReference; lastKnownFileType = sourcecode.swift; path = firebaseloginUITests.swift; sourceTree = "<group>"; };
		FA32115029F795C300120EF2 /* firebaseloginUITestsLaunchTests.swift */ = {isa = PBXFileReference; lastKnownFileType = sourcecode.swift; path = firebaseloginUITestsLaunchTests.swift; sourceTree = "<group>"; };
		FA32115D29F7963100120EF2 /* GoogleService-Info.plist */ = {isa = PBXFileReference; fileEncoding = 4; lastKnownFileType = text.plist.xml; path = "GoogleService-Info.plist"; sourceTree = "<group>"; };
/* End PBXFileReference section */

/* Begin PBXFrameworksBuildPhase section */
		FA32112729F795C000120EF2 /* Frameworks */ = {
			isa = PBXFrameworksBuildPhase;
			buildActionMask = 2147483647;
			files = (
				F600CC53A9B0A871FFE8DCA7 /* Pods_firebaselogin.framework in Frameworks */,
			);
			runOnlyForDeploymentPostprocessing = 0;
		};
		FA32113D29F795C200120EF2 /* Frameworks */ = {
			isa = PBXFrameworksBuildPhase;
			buildActionMask = 2147483647;
			files = (
				9141AC0E9B1089D01E7DEBDA /* Pods_firebaseloginTests.framework in Frameworks */,
			);
			runOnlyForDeploymentPostprocessing = 0;
		};
		FA32114729F795C200120EF2 /* Frameworks */ = {
			isa = PBXFrameworksBuildPhase;
			buildActionMask = 2147483647;
			files = (
				11C51AC3A76273607857976D /* Pods_firebaselogin_firebaseloginUITests.framework in Frameworks */,
			);
			runOnlyForDeploymentPostprocessing = 0;
		};
/* End PBXFrameworksBuildPhase section */

/* Begin PBXGroup section */
		8329775E82D788C4845E58A7 /* Frameworks */ = {
			isa = PBXGroup;
			children = (
				B31DBCA4F068E0F4621DC5B2 /* Pods_firebaselogin.framework */,
				86D012AC96C8CB155F38B4B5 /* Pods_firebaselogin_firebaseloginUITests.framework */,
				80E1449A9FCFE77BC554F812 /* Pods_firebaseloginTests.framework */,
			);
			name = Frameworks;
			sourceTree = "<group>";
		};
		C633D626D5E3E16F3412387C /* Pods */ = {
			isa = PBXGroup;
			children = (
				3F1C0F1B44E1361641E9BA97 /* Pods-firebaselogin.debug.xcconfig */,
				226D6E84D72AC1C22487959A /* Pods-firebaselogin.release.xcconfig */,
				9E745257D92374FBB6312A0C /* Pods-firebaselogin-firebaseloginUITests.debug.xcconfig */,
				33CEA27D4DD64C0911768DF1 /* Pods-firebaselogin-firebaseloginUITests.release.xcconfig */,
				B861AE30D2537FD177AF1B6B /* Pods-firebaseloginTests.debug.xcconfig */,
				6E016D08D28198C53897894C /* Pods-firebaseloginTests.release.xcconfig */,
			);
			path = Pods;
			sourceTree = "<group>";
		};
		FA32112129F795C000120EF2 = {
			isa = PBXGroup;
			children = (
				FA32112C29F795C000120EF2 /* firebaselogin */,
				FA32114329F795C200120EF2 /* firebaseloginTests */,
				FA32114D29F795C300120EF2 /* firebaseloginUITests */,
				FA32112B29F795C000120EF2 /* Products */,
				C633D626D5E3E16F3412387C /* Pods */,
				8329775E82D788C4845E58A7 /* Frameworks */,
			);
			sourceTree = "<group>";
		};
		FA32112B29F795C000120EF2 /* Products */ = {
			isa = PBXGroup;
			children = (
				FA32112A29F795C000120EF2 /* firebaselogin.app */,
				FA32114029F795C200120EF2 /* firebaseloginTests.xctest */,
				FA32114A29F795C200120EF2 /* firebaseloginUITests.xctest */,
			);
			name = Products;
			sourceTree = "<group>";
		};
		FA32112C29F795C000120EF2 /* firebaselogin */ = {
			isa = PBXGroup;
			children = (
				FA32112D29F795C000120EF2 /* AppDelegate.swift */,
				FA32112F29F795C000120EF2 /* SceneDelegate.swift */,
				FA32113129F795C000120EF2 /* ViewController.swift */,
				FA32113329F795C000120EF2 /* Main.storyboard */,
				FA32113629F795C200120EF2 /* Assets.xcassets */,
				FA32115D29F7963100120EF2 /* GoogleService-Info.plist */,
				FA32113829F795C200120EF2 /* LaunchScreen.storyboard */,
				FA32113B29F795C200120EF2 /* Info.plist */,
			);
			path = firebaselogin;
			sourceTree = "<group>";
		};
		FA32114329F795C200120EF2 /* firebaseloginTests */ = {
			isa = PBXGroup;
			children = (
				FA32114429F795C200120EF2 /* firebaseloginTests.swift */,
			);
			path = firebaseloginTests;
			sourceTree = "<group>";
		};
		FA32114D29F795C300120EF2 /* firebaseloginUITests */ = {
			isa = PBXGroup;
			children = (
				FA32114E29F795C300120EF2 /* firebaseloginUITests.swift */,
				FA32115029F795C300120EF2 /* firebaseloginUITestsLaunchTests.swift */,
			);
			path = firebaseloginUITests;
			sourceTree = "<group>";
		};
/* End PBXGroup section */

/* Begin PBXNativeTarget section */
		FA32112929F795C000120EF2 /* firebaselogin */ = {
			isa = PBXNativeTarget;
			buildConfigurationList = FA32115429F795C300120EF2 /* Build configuration list for PBXNativeTarget "firebaselogin" */;
			buildPhases = (
				67CF4527A636A4499E5DB703 /* [CP] Check Pods Manifest.lock */,
				FA32112629F795C000120EF2 /* Sources */,
				FA32112729F795C000120EF2 /* Frameworks */,
				FA32112829F795C000120EF2 /* Resources */,
				6FEC23DE426AB52EA292D927 /* [CP] Embed Pods Frameworks */,
			);
			buildRules = (
			);
			dependencies = (
			);
			name = firebaselogin;
			productName = firebaselogin;
			productReference = FA32112A29F795C000120EF2 /* firebaselogin.app */;
			productType = "com.apple.product-type.application";
		};
		FA32113F29F795C200120EF2 /* firebaseloginTests */ = {
			isa = PBXNativeTarget;
			buildConfigurationList = FA32115729F795C300120EF2 /* Build configuration list for PBXNativeTarget "firebaseloginTests" */;
			buildPhases = (
				80EA3AA19FDAC670541DC08D /* [CP] Check Pods Manifest.lock */,
				FA32113C29F795C200120EF2 /* Sources */,
				FA32113D29F795C200120EF2 /* Frameworks */,
				FA32113E29F795C200120EF2 /* Resources */,
			);
			buildRules = (
			);
			dependencies = (
				FA32114229F795C200120EF2 /* PBXTargetDependency */,
			);
			name = firebaseloginTests;
			productName = firebaseloginTests;
			productReference = FA32114029F795C200120EF2 /* firebaseloginTests.xctest */;
			productType = "com.apple.product-type.bundle.unit-test";
		};
		FA32114929F795C200120EF2 /* firebaseloginUITests */ = {
			isa = PBXNativeTarget;
			buildConfigurationList = FA32115A29F795C300120EF2 /* Build configuration list for PBXNativeTarget "firebaseloginUITests" */;
			buildPhases = (
				5679E96B03B11E47FEE3755D /* [CP] Check Pods Manifest.lock */,
				FA32114629F795C200120EF2 /* Sources */,
				FA32114729F795C200120EF2 /* Frameworks */,
				FA32114829F795C200120EF2 /* Resources */,
				04695621FFAD5295C610D0A6 /* [CP] Embed Pods Frameworks */,
			);
			buildRules = (
			);
			dependencies = (
				FA32114C29F795C200120EF2 /* PBXTargetDependency */,
			);
			name = firebaseloginUITests;
			productName = firebaseloginUITests;
			productReference = FA32114A29F795C200120EF2 /* firebaseloginUITests.xctest */;
			productType = "com.apple.product-type.bundle.ui-testing";
		};
/* End PBXNativeTarget section */

/* Begin PBXProject section */
		FA32112229F795C000120EF2 /* Project object */ = {
			isa = PBXProject;
			attributes = {
				BuildIndependentTargetsInParallel = 1;
				LastSwiftUpdateCheck = 1430;
				LastUpgradeCheck = 1430;
				TargetAttributes = {
					FA32112929F795C000120EF2 = {
						CreatedOnToolsVersion = 14.3;
					};
					FA32113F29F795C200120EF2 = {
						CreatedOnToolsVersion = 14.3;
						TestTargetID = FA32112929F795C000120EF2;
					};
					FA32114929F795C200120EF2 = {
						CreatedOnToolsVersion = 14.3;
						TestTargetID = FA32112929F795C000120EF2;
					};
				};
			};
			buildConfigurationList = FA32112529F795C000120EF2 /* Build configuration list for PBXProject "firebaselogin" */;
			compatibilityVersion = "Xcode 14.0";
			developmentRegion = en;
			hasScannedForEncodings = 0;
			knownRegions = (
				en,
				Base,
			);
			mainGroup = FA32112129F795C000120EF2;
			productRefGroup = FA32112B29F795C000120EF2 /* Products */;
			projectDirPath = "";
			projectRoot = "";
			targets = (
				FA32112929F795C000120EF2 /* firebaselogin */,
				FA32113F29F795C200120EF2 /* firebaseloginTests */,
				FA32114929F795C200120EF2 /* firebaseloginUITests */,
			);
		};
/* End PBXProject section */

/* Begin PBXResourcesBuildPhase section */
		FA32112829F795C000120EF2 /* Resources */ = {
			isa = PBXResourcesBuildPhase;
			buildActionMask = 2147483647;
			files = (
				FA32113A29F795C200120EF2 /* LaunchScreen.storyboard in Resources */,
				FA32115E29F7963100120EF2 /* GoogleService-Info.plist in Resources */,
				FA32113729F795C200120EF2 /* Assets.xcassets in Resources */,
				FA32113529F795C000120EF2 /* Main.storyboard in Resources */,
			);
			runOnlyForDeploymentPostprocessing = 0;
		};
		FA32113E29F795C200120EF2 /* Resources */ = {
			isa = PBXResourcesBuildPhase;
			buildActionMask = 2147483647;
			files = (
			);
			runOnlyForDeploymentPostprocessing = 0;
		};
		FA32114829F795C200120EF2 /* Resources */ = {
			isa = PBXResourcesBuildPhase;
			buildActionMask = 2147483647;
			files = (
			);
			runOnlyForDeploymentPostprocessing = 0;
		};
/* End PBXResourcesBuildPhase section */

/* Begin PBXShellScriptBuildPhase section */
		04695621FFAD5295C610D0A6 /* [CP] Embed Pods Frameworks */ = {
			isa = PBXShellScriptBuildPhase;
			buildActionMask = 2147483647;
			files = (
			);
			inputFileListPaths = (
				"${PODS_ROOT}/Target Support Files/Pods-firebaselogin-firebaseloginUITests/Pods-firebaselogin-firebaseloginUITests-frameworks-${CONFIGURATION}-input-files.xcfilelist",
			);
			name = "[CP] Embed Pods Frameworks";
			outputFileListPaths = (
				"${PODS_ROOT}/Target Support Files/Pods-firebaselogin-firebaseloginUITests/Pods-firebaselogin-firebaseloginUITests-frameworks-${CONFIGURATION}-output-files.xcfilelist",
			);
			runOnlyForDeploymentPostprocessing = 0;
			shellPath = /bin/sh;
			shellScript = "\"${PODS_ROOT}/Target Support Files/Pods-firebaselogin-firebaseloginUITests/Pods-firebaselogin-firebaseloginUITests-frameworks.sh\"\n";
			showEnvVarsInLog = 0;
		};
		5679E96B03B11E47FEE3755D /* [CP] Check Pods Manifest.lock */ = {
			isa = PBXShellScriptBuildPhase;
			buildActionMask = 2147483647;
			files = (
			);
			inputFileListPaths = (
			);
			inputPaths = (
				"${PODS_PODFILE_DIR_PATH}/Podfile.lock",
				"${PODS_ROOT}/Manifest.lock",
			);
			name = "[CP] Check Pods Manifest.lock";
			outputFileListPaths = (
			);
			outputPaths = (
				"$(DERIVED_FILE_DIR)/Pods-firebaselogin-firebaseloginUITests-checkManifestLockResult.txt",
			);
			runOnlyForDeploymentPostprocessing = 0;
			shellPath = /bin/sh;
			shellScript = "diff \"${PODS_PODFILE_DIR_PATH}/Podfile.lock\" \"${PODS_ROOT}/Manifest.lock\" > /dev/null\nif [ $? != 0 ] ; then\n    # print error to STDERR\n    echo \"error: The sandbox is not in sync with the Podfile.lock. Run 'pod install' or update your CocoaPods installation.\" >&2\n    exit 1\nfi\n# This output is used by Xcode 'outputs' to avoid re-running this script phase.\necho \"SUCCESS\" > \"${SCRIPT_OUTPUT_FILE_0}\"\n";
			showEnvVarsInLog = 0;
		};
		67CF4527A636A4499E5DB703 /* [CP] Check Pods Manifest.lock */ = {
			isa = PBXShellScriptBuildPhase;
			buildActionMask = 2147483647;
			files = (
			);
			inputFileListPaths = (
			);
			inputPaths = (
				"${PODS_PODFILE_DIR_PATH}/Podfile.lock",
				"${PODS_ROOT}/Manifest.lock",
			);
			name = "[CP] Check Pods Manifest.lock";
			outputFileListPaths = (
			);
			outputPaths = (
				"$(DERIVED_FILE_DIR)/Pods-firebaselogin-checkManifestLockResult.txt",
			);
			runOnlyForDeploymentPostprocessing = 0;
			shellPath = /bin/sh;
			shellScript = "diff \"${PODS_PODFILE_DIR_PATH}/Podfile.lock\" \"${PODS_ROOT}/Manifest.lock\" > /dev/null\nif [ $? != 0 ] ; then\n    # print error to STDERR\n    echo \"error: The sandbox is not in sync with the Podfile.lock. Run 'pod install' or update your CocoaPods installation.\" >&2\n    exit 1\nfi\n# This output is used by Xcode 'outputs' to avoid re-running this script phase.\necho \"SUCCESS\" > \"${SCRIPT_OUTPUT_FILE_0}\"\n";
			showEnvVarsInLog = 0;
		};
		6FEC23DE426AB52EA292D927 /* [CP] Embed Pods Frameworks */ = {
			isa = PBXShellScriptBuildPhase;
			buildActionMask = 2147483647;
			files = (
			);
			inputFileListPaths = (
				"${PODS_ROOT}/Target Support Files/Pods-firebaselogin/Pods-firebaselogin-frameworks-${CONFIGURATION}-input-files.xcfilelist",
			);
			name = "[CP] Embed Pods Frameworks";
			outputFileListPaths = (
				"${PODS_ROOT}/Target Support Files/Pods-firebaselogin/Pods-firebaselogin-frameworks-${CONFIGURATION}-output-files.xcfilelist",
			);
			runOnlyForDeploymentPostprocessing = 0;
			shellPath = /bin/sh;
			shellScript = "\"${PODS_ROOT}/Target Support Files/Pods-firebaselogin/Pods-firebaselogin-frameworks.sh\"\n";
			showEnvVarsInLog = 0;
		};
		80EA3AA19FDAC670541DC08D /* [CP] Check Pods Manifest.lock */ = {
			isa = PBXShellScriptBuildPhase;
			buildActionMask = 2147483647;
			files = (
			);
			inputFileListPaths = (
			);
			inputPaths = (
				"${PODS_PODFILE_DIR_PATH}/Podfile.lock",
				"${PODS_ROOT}/Manifest.lock",
			);
			name = "[CP] Check Pods Manifest.lock";
			outputFileListPaths = (
			);
			outputPaths = (
				"$(DERIVED_FILE_DIR)/Pods-firebaseloginTests-checkManifestLockResult.txt",
			);
			runOnlyForDeploymentPostprocessing = 0;
			shellPath = /bin/sh;
			shellScript = "diff \"${PODS_PODFILE_DIR_PATH}/Podfile.lock\" \"${PODS_ROOT}/Manifest.lock\" > /dev/null\nif [ $? != 0 ] ; then\n    # print error to STDERR\n    echo \"error: The sandbox is not in sync with the Podfile.lock. Run 'pod install' or update your CocoaPods installation.\" >&2\n    exit 1\nfi\n# This output is used by Xcode 'outputs' to avoid re-running this script phase.\necho \"SUCCESS\" > \"${SCRIPT_OUTPUT_FILE_0}\"\n";
			showEnvVarsInLog = 0;
		};
/* End PBXShellScriptBuildPhase section */

/* Begin PBXSourcesBuildPhase section */
		FA32112629F795C000120EF2 /* Sources */ = {
			isa = PBXSourcesBuildPhase;
			buildActionMask = 2147483647;
			files = (
				FA32113229F795C000120EF2 /* ViewController.swift in Sources */,
				FA32112E29F795C000120EF2 /* AppDelegate.swift in Sources */,
				FA32113029F795C000120EF2 /* SceneDelegate.swift in Sources */,
			);
			runOnlyForDeploymentPostprocessing = 0;
		};
		FA32113C29F795C200120EF2 /* Sources */ = {
			isa = PBXSourcesBuildPhase;
			buildActionMask = 2147483647;
			files = (
				FA32114529F795C200120EF2 /* firebaseloginTests.swift in Sources */,
			);
			runOnlyForDeploymentPostprocessing = 0;
		};
		FA32114629F795C200120EF2 /* Sources */ = {
			isa = PBXSourcesBuildPhase;
			buildActionMask = 2147483647;
			files = (
				FA32114F29F795C300120EF2 /* firebaseloginUITests.swift in Sources */,
				FA32115129F795C300120EF2 /* firebaseloginUITestsLaunchTests.swift in Sources */,
			);
			runOnlyForDeploymentPostprocessing = 0;
		};
/* End PBXSourcesBuildPhase section */

/* Begin PBXTargetDependency section */
		FA32114229F795C200120EF2 /* PBXTargetDependency */ = {
			isa = PBXTargetDependency;
			target = FA32112929F795C000120EF2 /* firebaselogin */;
			targetProxy = FA32114129F795C200120EF2 /* PBXContainerItemProxy */;
		};
		FA32114C29F795C200120EF2 /* PBXTargetDependency */ = {
			isa = PBXTargetDependency;
			target = FA32112929F795C000120EF2 /* firebaselogin */;
			targetProxy = FA32114B29F795C200120EF2 /* PBXContainerItemProxy */;
		};
/* End PBXTargetDependency section */

/* Begin PBXVariantGroup section */
		FA32113329F795C000120EF2 /* Main.storyboard */ = {
			isa = PBXVariantGroup;
			children = (
				FA32113429F795C000120EF2 /* Base */,
			);
			name = Main.storyboard;
			sourceTree = "<group>";
		};
		FA32113829F795C200120EF2 /* LaunchScreen.storyboard */ = {
			isa = PBXVariantGroup;
			children = (
				FA32113929F795C200120EF2 /* Base */,
			);
			name = LaunchScreen.storyboard;
			sourceTree = "<group>";
		};
/* End PBXVariantGroup section */

/* Begin XCBuildConfiguration section */
		FA32115229F795C300120EF2 /* Debug */ = {
			isa = XCBuildConfiguration;
			buildSettings = {
				ALWAYS_SEARCH_USER_PATHS = NO;
				CLANG_ANALYZER_NONNULL = YES;
				CLANG_ANALYZER_NUMBER_OBJECT_CONVERSION = YES_AGGRESSIVE;
				CLANG_CXX_LANGUAGE_STANDARD = "gnu++20";
				CLANG_ENABLE_MODULES = YES;
				CLANG_ENABLE_OBJC_ARC = YES;
				CLANG_ENABLE_OBJC_WEAK = YES;
				CLANG_WARN_BLOCK_CAPTURE_AUTORELEASING = YES;
				CLANG_WARN_BOOL_CONVERSION = YES;
				CLANG_WARN_COMMA = YES;
				CLANG_WARN_CONSTANT_CONVERSION = YES;
				CLANG_WARN_DEPRECATED_OBJC_IMPLEMENTATIONS = YES;
				CLANG_WARN_DIRECT_OBJC_ISA_USAGE = YES_ERROR;
				CLANG_WARN_DOCUMENTATION_COMMENTS = YES;
				CLANG_WARN_EMPTY_BODY = YES;
				CLANG_WARN_ENUM_CONVERSION = YES;
				CLANG_WARN_INFINITE_RECURSION = YES;
				CLANG_WARN_INT_CONVERSION = YES;
				CLANG_WARN_NON_LITERAL_NULL_CONVERSION = YES;
				CLANG_WARN_OBJC_IMPLICIT_RETAIN_SELF = YES;
				CLANG_WARN_OBJC_LITERAL_CONVERSION = YES;
				CLANG_WARN_OBJC_ROOT_CLASS = YES_ERROR;
				CLANG_WARN_QUOTED_INCLUDE_IN_FRAMEWORK_HEADER = YES;
				CLANG_WARN_RANGE_LOOP_ANALYSIS = YES;
				CLANG_WARN_STRICT_PROTOTYPES = YES;
				CLANG_WARN_SUSPICIOUS_MOVE = YES;
				CLANG_WARN_UNGUARDED_AVAILABILITY = YES_AGGRESSIVE;
				CLANG_WARN_UNREACHABLE_CODE = YES;
				CLANG_WARN__DUPLICATE_METHOD_MATCH = YES;
				COPY_PHASE_STRIP = NO;
				DEBUG_INFORMATION_FORMAT = dwarf;
				ENABLE_STRICT_OBJC_MSGSEND = YES;
				ENABLE_TESTABILITY = YES;
				GCC_C_LANGUAGE_STANDARD = gnu11;
				GCC_DYNAMIC_NO_PIC = NO;
				GCC_NO_COMMON_BLOCKS = YES;
				GCC_OPTIMIZATION_LEVEL = 0;
				GCC_PREPROCESSOR_DEFINITIONS = (
					"DEBUG=1",
					"$(inherited)",
				);
				GCC_WARN_64_TO_32_BIT_CONVERSION = YES;
				GCC_WARN_ABOUT_RETURN_TYPE = YES_ERROR;
				GCC_WARN_UNDECLARED_SELECTOR = YES;
				GCC_WARN_UNINITIALIZED_AUTOS = YES_AGGRESSIVE;
				GCC_WARN_UNUSED_FUNCTION = YES;
				GCC_WARN_UNUSED_VARIABLE = YES;
				IPHONEOS_DEPLOYMENT_TARGET = 14.0;
				MTL_ENABLE_DEBUG_INFO = INCLUDE_SOURCE;
				MTL_FAST_MATH = YES;
				ONLY_ACTIVE_ARCH = YES;
				SDKROOT = iphoneos;
				SWIFT_ACTIVE_COMPILATION_CONDITIONS = DEBUG;
				SWIFT_OPTIMIZATION_LEVEL = "-Onone";
			};
			name = Debug;
		};
		FA32115329F795C300120EF2 /* Release */ = {
			isa = XCBuildConfiguration;
			buildSettings = {
				ALWAYS_SEARCH_USER_PATHS = NO;
				CLANG_ANALYZER_NONNULL = YES;
				CLANG_ANALYZER_NUMBER_OBJECT_CONVERSION = YES_AGGRESSIVE;
				CLANG_CXX_LANGUAGE_STANDARD = "gnu++20";
				CLANG_ENABLE_MODULES = YES;
				CLANG_ENABLE_OBJC_ARC = YES;
				CLANG_ENABLE_OBJC_WEAK = YES;
				CLANG_WARN_BLOCK_CAPTURE_AUTORELEASING = YES;
				CLANG_WARN_BOOL_CONVERSION = YES;
				CLANG_WARN_COMMA = YES;
				CLANG_WARN_CONSTANT_CONVERSION = YES;
				CLANG_WARN_DEPRECATED_OBJC_IMPLEMENTATIONS = YES;
				CLANG_WARN_DIRECT_OBJC_ISA_USAGE = YES_ERROR;
				CLANG_WARN_DOCUMENTATION_COMMENTS = YES;
				CLANG_WARN_EMPTY_BODY = YES;
				CLANG_WARN_ENUM_CONVERSION = YES;
				CLANG_WARN_INFINITE_RECURSION = YES;
				CLANG_WARN_INT_CONVERSION = YES;
				CLANG_WARN_NON_LITERAL_NULL_CONVERSION = YES;
				CLANG_WARN_OBJC_IMPLICIT_RETAIN_SELF = YES;
				CLANG_WARN_OBJC_LITERAL_CONVERSION = YES;
				CLANG_WARN_OBJC_ROOT_CLASS = YES_ERROR;
				CLANG_WARN_QUOTED_INCLUDE_IN_FRAMEWORK_HEADER = YES;
				CLANG_WARN_RANGE_LOOP_ANALYSIS = YES;
				CLANG_WARN_STRICT_PROTOTYPES = YES;
				CLANG_WARN_SUSPICIOUS_MOVE = YES;
				CLANG_WARN_UNGUARDED_AVAILABILITY = YES_AGGRESSIVE;
				CLANG_WARN_UNREACHABLE_CODE = YES;
				CLANG_WARN__DUPLICATE_METHOD_MATCH = YES;
				COPY_PHASE_STRIP = NO;
				DEBUG_INFORMATION_FORMAT = "dwarf-with-dsym";
				ENABLE_NS_ASSERTIONS = NO;
				ENABLE_STRICT_OBJC_MSGSEND = YES;
				GCC_C_LANGUAGE_STANDARD = gnu11;
				GCC_NO_COMMON_BLOCKS = YES;
				GCC_WARN_64_TO_32_BIT_CONVERSION = YES;
				GCC_WARN_ABOUT_RETURN_TYPE = YES_ERROR;
				GCC_WARN_UNDECLARED_SELECTOR = YES;
				GCC_WARN_UNINITIALIZED_AUTOS = YES_AGGRESSIVE;
				GCC_WARN_UNUSED_FUNCTION = YES;
				GCC_WARN_UNUSED_VARIABLE = YES;
				IPHONEOS_DEPLOYMENT_TARGET = 14.0;
				MTL_ENABLE_DEBUG_INFO = NO;
				MTL_FAST_MATH = YES;
				SDKROOT = iphoneos;
				SWIFT_COMPILATION_MODE = wholemodule;
				SWIFT_OPTIMIZATION_LEVEL = "-O";
				VALIDATE_PRODUCT = YES;
			};
			name = Release;
		};
		FA32115529F795C300120EF2 /* Debug */ = {
			isa = XCBuildConfiguration;
			baseConfigurationReference = 3F1C0F1B44E1361641E9BA97 /* Pods-firebaselogin.debug.xcconfig */;
			buildSettings = {
				ASSETCATALOG_COMPILER_APPICON_NAME = AppIcon;
				ASSETCATALOG_COMPILER_GLOBAL_ACCENT_COLOR_NAME = AccentColor;
				CODE_SIGN_STYLE = Automatic;
				CURRENT_PROJECT_VERSION = 1;
				GENERATE_INFOPLIST_FILE = YES;
				INFOPLIST_FILE = firebaselogin/Info.plist;
				INFOPLIST_KEY_UIApplicationSupportsIndirectInputEvents = YES;
				INFOPLIST_KEY_UILaunchStoryboardName = LaunchScreen;
				INFOPLIST_KEY_UIMainStoryboardFile = Main;
				INFOPLIST_KEY_UISupportedInterfaceOrientations_iPad = "UIInterfaceOrientationPortrait UIInterfaceOrientationPortraitUpsideDown UIInterfaceOrientationLandscapeLeft UIInterfaceOrientationLandscapeRight";
				INFOPLIST_KEY_UISupportedInterfaceOrientations_iPhone = "UIInterfaceOrientationPortrait UIInterfaceOrientationLandscapeLeft UIInterfaceOrientationLandscapeRight";
				IPHONEOS_DEPLOYMENT_TARGET = 14.0;
				LD_RUNPATH_SEARCH_PATHS = (
					"$(inherited)",
					"@executable_path/Frameworks",
				);
				MARKETING_VERSION = 1.0;
				PRODUCT_BUNDLE_IDENTIFIER = com.moon.loginapp.firebaselogin;
				PRODUCT_NAME = "$(TARGET_NAME)";
				SWIFT_EMIT_LOC_STRINGS = YES;
				SWIFT_VERSION = 5.0;
				TARGETED_DEVICE_FAMILY = "1,2";
			};
			name = Debug;
		};
		FA32115629F795C300120EF2 /* Release */ = {
			isa = XCBuildConfiguration;
			baseConfigurationReference = 226D6E84D72AC1C22487959A /* Pods-firebaselogin.release.xcconfig */;
			buildSettings = {
				ASSETCATALOG_COMPILER_APPICON_NAME = AppIcon;
				ASSETCATALOG_COMPILER_GLOBAL_ACCENT_COLOR_NAME = AccentColor;
				CODE_SIGN_STYLE = Automatic;
				CURRENT_PROJECT_VERSION = 1;
				GENERATE_INFOPLIST_FILE = YES;
				INFOPLIST_FILE = firebaselogin/Info.plist;
				INFOPLIST_KEY_UIApplicationSupportsIndirectInputEvents = YES;
				INFOPLIST_KEY_UILaunchStoryboardName = LaunchScreen;
				INFOPLIST_KEY_UIMainStoryboardFile = Main;
				INFOPLIST_KEY_UISupportedInterfaceOrientations_iPad = "UIInterfaceOrientationPortrait UIInterfaceOrientationPortraitUpsideDown UIInterfaceOrientationLandscapeLeft UIInterfaceOrientationLandscapeRight";
				INFOPLIST_KEY_UISupportedInterfaceOrientations_iPhone = "UIInterfaceOrientationPortrait UIInterfaceOrientationLandscapeLeft UIInterfaceOrientationLandscapeRight";
				IPHONEOS_DEPLOYMENT_TARGET = 14.0;
				LD_RUNPATH_SEARCH_PATHS = (
					"$(inherited)",
					"@executable_path/Frameworks",
				);
				MARKETING_VERSION = 1.0;
				PRODUCT_BUNDLE_IDENTIFIER = com.moon.loginapp.firebaselogin;
				PRODUCT_NAME = "$(TARGET_NAME)";
				SWIFT_EMIT_LOC_STRINGS = YES;
				SWIFT_VERSION = 5.0;
				TARGETED_DEVICE_FAMILY = "1,2";
			};
			name = Release;
		};
		FA32115829F795C300120EF2 /* Debug */ = {
			isa = XCBuildConfiguration;
			baseConfigurationReference = B861AE30D2537FD177AF1B6B /* Pods-firebaseloginTests.debug.xcconfig */;
			buildSettings = {
				ALWAYS_EMBED_SWIFT_STANDARD_LIBRARIES = YES;
				BUNDLE_LOADER = "$(TEST_HOST)";
				CODE_SIGN_STYLE = Automatic;
				CURRENT_PROJECT_VERSION = 1;
				GENERATE_INFOPLIST_FILE = YES;
				IPHONEOS_DEPLOYMENT_TARGET = 14.0;
				MARKETING_VERSION = 1.0;
				PRODUCT_BUNDLE_IDENTIFIER = com.moon.loginapp.firebaseloginTests;
				PRODUCT_NAME = "$(TARGET_NAME)";
				SWIFT_EMIT_LOC_STRINGS = NO;
				SWIFT_VERSION = 5.0;
				TARGETED_DEVICE_FAMILY = "1,2";
				TEST_HOST = "$(BUILT_PRODUCTS_DIR)/firebaselogin.app/$(BUNDLE_EXECUTABLE_FOLDER_PATH)/firebaselogin";
			};
			name = Debug;
		};
		FA32115929F795C300120EF2 /* Release */ = {
			isa = XCBuildConfiguration;
			baseConfigurationReference = 6E016D08D28198C53897894C /* Pods-firebaseloginTests.release.xcconfig */;
			buildSettings = {
				ALWAYS_EMBED_SWIFT_STANDARD_LIBRARIES = YES;
				BUNDLE_LOADER = "$(TEST_HOST)";
				CODE_SIGN_STYLE = Automatic;
				CURRENT_PROJECT_VERSION = 1;
				GENERATE_INFOPLIST_FILE = YES;
				IPHONEOS_DEPLOYMENT_TARGET = 14.0;
				MARKETING_VERSION = 1.0;
				PRODUCT_BUNDLE_IDENTIFIER = com.moon.loginapp.firebaseloginTests;
				PRODUCT_NAME = "$(TARGET_NAME)";
				SWIFT_EMIT_LOC_STRINGS = NO;
				SWIFT_VERSION = 5.0;
				TARGETED_DEVICE_FAMILY = "1,2";
				TEST_HOST = "$(BUILT_PRODUCTS_DIR)/firebaselogin.app/$(BUNDLE_EXECUTABLE_FOLDER_PATH)/firebaselogin";
			};
			name = Release;
		};
		FA32115B29F795C300120EF2 /* Debug */ = {
			isa = XCBuildConfiguration;
			baseConfigurationReference = 9E745257D92374FBB6312A0C /* Pods-firebaselogin-firebaseloginUITests.debug.xcconfig */;
			buildSettings = {
				ALWAYS_EMBED_SWIFT_STANDARD_LIBRARIES = YES;
				CODE_SIGN_STYLE = Automatic;
				CURRENT_PROJECT_VERSION = 1;
				GENERATE_INFOPLIST_FILE = YES;
				IPHONEOS_DEPLOYMENT_TARGET = 14.0;
				MARKETING_VERSION = 1.0;
				PRODUCT_BUNDLE_IDENTIFIER = com.moon.loginapp.firebaseloginUITests;
				PRODUCT_NAME = "$(TARGET_NAME)";
				SWIFT_EMIT_LOC_STRINGS = NO;
				SWIFT_VERSION = 5.0;
				TARGETED_DEVICE_FAMILY = "1,2";
				TEST_TARGET_NAME = firebaselogin;
			};
			name = Debug;
		};
		FA32115C29F795C300120EF2 /* Release */ = {
			isa = XCBuildConfiguration;
			baseConfigurationReference = 33CEA27D4DD64C0911768DF1 /* Pods-firebaselogin-firebaseloginUITests.release.xcconfig */;
			buildSettings = {
				ALWAYS_EMBED_SWIFT_STANDARD_LIBRARIES = YES;
				CODE_SIGN_STYLE = Automatic;
				CURRENT_PROJECT_VERSION = 1;
				GENERATE_INFOPLIST_FILE = YES;
				IPHONEOS_DEPLOYMENT_TARGET = 14.0;
				MARKETING_VERSION = 1.0;
				PRODUCT_BUNDLE_IDENTIFIER = com.moon.loginapp.firebaseloginUITests;
				PRODUCT_NAME = "$(TARGET_NAME)";
				SWIFT_EMIT_LOC_STRINGS = NO;
				SWIFT_VERSION = 5.0;
				TARGETED_DEVICE_FAMILY = "1,2";
				TEST_TARGET_NAME = firebaselogin;
			};
			name = Release;
		};
/* End XCBuildConfiguration section */

/* Begin XCConfigurationList section */
		FA32112529F795C000120EF2 /* Build configuration list for PBXProject "firebaselogin" */ = {
			isa = XCConfigurationList;
			buildConfigurations = (
				FA32115229F795C300120EF2 /* Debug */,
				FA32115329F795C300120EF2 /* Release */,
			);
			defaultConfigurationIsVisible = 0;
			defaultConfigurationName = Release;
		};
		FA32115429F795C300120EF2 /* Build configuration list for PBXNativeTarget "firebaselogin" */ = {
			isa = XCConfigurationList;
			buildConfigurations = (
				FA32115529F795C300120EF2 /* Debug */,
				FA32115629F795C300120EF2 /* Release */,
			);
			defaultConfigurationIsVisible = 0;
			defaultConfigurationName = Release;
		};
		FA32115729F795C300120EF2 /* Build configuration list for PBXNativeTarget "firebaseloginTests" */ = {
			isa = XCConfigurationList;
			buildConfigurations = (
				FA32115829F795C300120EF2 /* Debug */,
				FA32115929F795C300120EF2 /* Release */,
			);
			defaultConfigurationIsVisible = 0;
			defaultConfigurationName = Release;
		};
		FA32115A29F795C300120EF2 /* Build configuration list for PBXNativeTarget "firebaseloginUITests" */ = {
			isa = XCConfigurationList;
			buildConfigurations = (
				FA32115B29F795C300120EF2 /* Debug */,
				FA32115C29F795C300120EF2 /* Release */,
			);
			defaultConfigurationIsVisible = 0;
			defaultConfigurationName = Release;
		};
/* End XCConfigurationList section */
	};
	rootObject = FA32112229F795C000120EF2 /* Project object */;
}
